
Microsoft Visual Studio Solution File, Format Version 12.00
# Visual Studio Version 16
VisualStudioVersion = 16.0.30204.135
MinimumVisualStudioVersion = 10.0.40219.1
Project("{FAE04EC0-301F-11D3-BF4B-00C04F79EFBC}") = "projekatOtpremnice", "projekatOtpremnice\projekatOtpremnice.csproj", "{C7DA9988-6151-4B59-8A87-A233E39F895B}"
EndProject
Global
	GlobalSection(SolutionConfigurationPlatforms) = preSolution
		Debug|Any CPU = Debug|Any CPU
		Release|Any CPU = Release|Any CPU
	EndGlobalSection
	GlobalSection(ProjectConfigurationPlatforms) = postSolution
		{C7DA9988-6151-4B59-8A87-A233E39F895B}.Debug|Any CPU.ActiveCfg = Debug|Any CPU
		{C7DA9988-6151-4B59-8A87-A233E39F895B}.Debug|Any CPU.Build.0 = Debug|Any CPU
		{C7DA9988-6151-4B59-8A87-A233E39F895B}.Release|Any CPU.ActiveCfg = Release|Any CPU
		{C7DA9988-6151-4B59-8A87-A233E39F895B}.Release|Any CPU.Build.0 = Release|Any CPU
	EndGlobalSection
	GlobalSection(SolutionProperties) = preSolution
		HideSolutionNode = FALSE
	EndGlobalSection
	GlobalSection(ExtensibilityGlobals) = postSolution
		SolutionGuid = {061BC8CD-A073-402E-BE9A-BD0892DBBD7F}
	EndGlobalSection
EndGlobal
